
Microsoft Visual Studio Solution File, Format Version 12.00
# Visual Studio 14
VisualStudioVersion = 14.0.24720.0
MinimumVisualStudioVersion = 10.0.40219.1
Project("{FAE04EC0-301F-11D3-BF4B-00C04F79EFBC}") = "MagentoIntegration", "MagentoIntegration\MagentoIntegration.csproj", "{FF820227-8B27-40CE-8069-59CCA38F3FA7}"
EndProject
Project("{FAE04EC0-301F-11D3-BF4B-00C04F79EFBC}") = "MagentoIntegrationService", "MagentoIntegrationService\MagentoIntegrationService.csproj", "{517DD1E5-4FE4-4A8C-B7F0-08E5BE53BAB6}"
EndProject
Global
	GlobalSection(SolutionConfigurationPlatforms) = preSolution
		Debug|Any CPU = Debug|Any CPU
		Release|Any CPU = Release|Any CPU
	EndGlobalSection
	GlobalSection(ProjectConfigurationPlatforms) = postSolution
		{FF820227-8B27-40CE-8069-59CCA38F3FA7}.Debug|Any CPU.ActiveCfg = Debug|Any CPU
		{FF820227-8B27-40CE-8069-59CCA38F3FA7}.Debug|Any CPU.Build.0 = Debug|Any CPU
		{FF820227-8B27-40CE-8069-59CCA38F3FA7}.Release|Any CPU.ActiveCfg = Release|Any CPU
		{FF820227-8B27-40CE-8069-59CCA38F3FA7}.Release|Any CPU.Build.0 = Release|Any CPU
		{517DD1E5-4FE4-4A8C-B7F0-08E5BE53BAB6}.Debug|Any CPU.ActiveCfg = Debug|Any CPU
		{517DD1E5-4FE4-4A8C-B7F0-08E5BE53BAB6}.Debug|Any CPU.Build.0 = Debug|Any CPU
		{517DD1E5-4FE4-4A8C-B7F0-08E5BE53BAB6}.Release|Any CPU.ActiveCfg = Release|Any CPU
		{517DD1E5-4FE4-4A8C-B7F0-08E5BE53BAB6}.Release|Any CPU.Build.0 = Release|Any CPU
	EndGlobalSection
	GlobalSection(SolutionProperties) = preSolution
		HideSolutionNode = FALSE
	EndGlobalSection
EndGlobal
